
Microsoft Visual Studio Solution File, Format Version 12.00
# Visual Studio Version 17
VisualStudioVersion = 17.11.35222.181
MinimumVisualStudioVersion = 10.0.40219.1
Project("{FAE04EC0-301F-11D3-BF4B-00C04F79EFBC}") = "TechnologiesLab2", "Technologies_Lab1\TechnologiesLab2.csproj", "{8FA79BCB-7A96-4534-A735-800DC4112B57}"
EndProject
Global
	GlobalSection(SolutionConfigurationPlatforms) = preSolution
		Debug|Any CPU = Debug|Any CPU
		Release|Any CPU = Release|Any CPU
	EndGlobalSection
	GlobalSection(ProjectConfigurationPlatforms) = postSolution
		{8FA79BCB-7A96-4534-A735-800DC4112B57}.Debug|Any CPU.ActiveCfg = Debug|Any CPU
		{8FA79BCB-7A96-4534-A735-800DC4112B57}.Debug|Any CPU.Build.0 = Debug|Any CPU
		{8FA79BCB-7A96-4534-A735-800DC4112B57}.Release|Any CPU.ActiveCfg = Release|Any CPU
		{8FA79BCB-7A96-4534-A735-800DC4112B57}.Release|Any CPU.Build.0 = Release|Any CPU
	EndGlobalSection
	GlobalSection(SolutionProperties) = preSolution
		HideSolutionNode = FALSE
	EndGlobalSection
	GlobalSection(ExtensibilityGlobals) = postSolution
		SolutionGuid = {A923D540-2E17-4B62-9092-EC471D31FF2F}
	EndGlobalSection
EndGlobal
